github.com/yuin/goldmark v1.7.10 h1:S+LrtBjRmqMac2UdtB6yyCEJm+UILZ2fefI4p7o0QpI=
github.com/yuin/goldmark v1.7.10/go.mod h1:ip/1k0VRfGynBgxOz0yCqHrbZXhcjxyuS66Brc7iBKg=
github.com/yuin/goldmark-emoji v1.0.6 h1:QWfF2FYaXwL74tfGOW5izeiZepUDroDJfWubQI9HTHs=
github.com/yuin/goldmark-emoji v1.0.6/go.mod h1:ukxJDKFpdFb5x0a5HqbdlcKtebh086iJpI31LTKmWuA=
golang.org/x/text v0.25.0 h1:qVyWApTSYLk/drJRO5mDlNYskwQznZmkpV2c8q9zls4=
golang.org/x/text v0.25.0/go.mod h1:WEdwpYrmk1qmdHvhkSTNPm3app7v4rsT8F2UD6+VHIA=
